
Microsoft Visual Studio Solution File, Format Version 12.00
# Visual Studio Version 16
VisualStudioVersion = 16.0.30413.136
MinimumVisualStudioVersion = 10.0.40219.1
Project("{9A19103F-16F7-4668-BE54-9A1E7A4F7556}") = "Redis TUI", "Redis TUI.csproj", "{026DC0A4-C25A-43D0-A9ED-867D9171BCB0}"
EndProject
Global
	GlobalSection(SolutionConfigurationPlatforms) = preSolution
		Debug|Any CPU = Debug|Any CPU
		Release|Any CPU = Release|Any CPU
	EndGlobalSection
	GlobalSection(ProjectConfigurationPlatforms) = postSolution
		{026DC0A4-C25A-43D0-A9ED-867D9171BCB0}.Debug|Any CPU.ActiveCfg = Debug|Any CPU
		{026DC0A4-C25A-43D0-A9ED-867D9171BCB0}.Debug|Any CPU.Build.0 = Debug|Any CPU
		{026DC0A4-C25A-43D0-A9ED-867D9171BCB0}.Release|Any CPU.ActiveCfg = Release|Any CPU
		{026DC0A4-C25A-43D0-A9ED-867D9171BCB0}.Release|Any CPU.Build.0 = Release|Any CPU
	EndGlobalSection
	GlobalSection(SolutionProperties) = preSolution
		HideSolutionNode = FALSE
	EndGlobalSection
	GlobalSection(ExtensibilityGlobals) = postSolution
		SolutionGuid = {08896DC4-D70B-4EC7-9EE2-A4424CE31A98}
	EndGlobalSection
EndGlobal
